{
  "name": "preflight-test-target",
  "version": "1.0.0",
  "lockfileVersion": 3,
  "requires": true,
  "packages": {
    "": {
      "name": "preflight-test-target",
      "version": "1.0.0",
      "dependencies": {
        "axios": "1.7.10",
        "colors": "1.4.1",
<<<<<<< HEAD
        "chalk": "5.3.0",
=======
        "node-ipc": "10.1.1",
>>>>>>> 57b12b0 (chore: add node-ipc 10.1.1)
        "lodash": "4.17.21"
      }
    },
    "node_modules/axios": {
      "version": "1.7.10",
      "resolved": "https://registry.npmjs.org/axios/-/axios-1.7.10.tgz",
      "integrity": "sha512-QBMZXHB3F/QKUQ4iMBNNRbDzm7S6YaHCZF7g9P2KRQNF5/5j8ukMvF/aXhCfMEzNQpnZ1hkVFAmPnwTvFzaA=="
    },
    "node_modules/chalk": {
      "version": "5.3.0",
      "resolved": "https://registry.npmjs.org/chalk/-/chalk-5.3.0.tgz",
      "integrity": "sha512-dLitG79d+GV1Nb/VYcCDFivJeK1hiukt9QjkNGmjZ4ez+mrYXpbTQentWbe+FwEmdqnq1Nxb0fSFuPZVRGjDQ=="
    },
    "node_modules/colors": {
      "version": "1.4.1",
      "resolved": "https://registry.npmjs.org/colors/-/colors-1.4.1.tgz",
      "integrity": "sha512-mKDmAMn3VH3PIYS23IAG56aJCVBP6y5oyZmqvhc0rWZuI2EMqQ8CRpZ3cCn4MiJLMRfpTbBxhT0LBBmozm9A=="
    },
    "node_modules/node-ipc": {
      "version": "10.1.1",
      "resolved": "https://registry.npmjs.org/node-ipc/-/node-ipc-10.1.1.tgz",
      "integrity": "sha512-9DhbHJuBFEJ0KDEKK1NsaMS+EUMQ/xxlDJGBrNFLSBMqKYFExArMB7eH4Fj9WmGHVpNVbFmC/VPMNi4/QStA=="
    },
    "node_modules/lodash": {
      "version": "4.17.21",
      "resolved": "https://registry.npmjs.org/lodash/-/lodash-4.17.21.tgz",
      "integrity": "sha512-v2kDEe57lecTulaDIuNTPy3Ry4gLGJ6Z1O3vE1krgXZNrsQ+LFTGHVxVjcXPs17LhbZkGAtAySlnSur7NaK0=="
    }
  }
}